
Microsoft Visual Studio Solution File, Format Version 12.00
# Visual Studio Version 17
VisualStudioVersion = 17.0.32014.148
MinimumVisualStudioVersion = 10.0.40219.1
Project("{FAE04EC0-301F-11D3-BF4B-00C04F79EFBC}") = "LocalPrint", "LocalPrint\LocalPrint.csproj", "{EF838D42-3D9E-49E5-962B-AF687F83703F}"
EndProject
Global
	GlobalSection(SolutionConfigurationPlatforms) = preSolution
		Debug|Any CPU = Debug|Any CPU
		Debug|x64 = Debug|x64
		Debug|x86 = Debug|x86
		Release|Any CPU = Release|Any CPU
		Release|x64 = Release|x64
		Release|x86 = Release|x86
	EndGlobalSection
	GlobalSection(ProjectConfigurationPlatforms) = postSolution
		{EF838D42-3D9E-49E5-962B-AF687F83703F}.Debug|Any CPU.ActiveCfg = Debug|Any CPU
		{EF838D42-3D9E-49E5-962B-AF687F83703F}.Debug|Any CPU.Build.0 = Debug|Any CPU
		{EF838D42-3D9E-49E5-962B-AF687F83703F}.Debug|x64.ActiveCfg = Debug|x64
		{EF838D42-3D9E-49E5-962B-AF687F83703F}.Debug|x64.Build.0 = Debug|x64
		{EF838D42-3D9E-49E5-962B-AF687F83703F}.Debug|x86.ActiveCfg = Debug|x86
		{EF838D42-3D9E-49E5-962B-AF687F83703F}.Debug|x86.Build.0 = Debug|x86
		{EF838D42-3D9E-49E5-962B-AF687F83703F}.Release|Any CPU.ActiveCfg = Release|Any CPU
		{EF838D42-3D9E-49E5-962B-AF687F83703F}.Release|Any CPU.Build.0 = Release|Any CPU
		{EF838D42-3D9E-49E5-962B-AF687F83703F}.Release|x64.ActiveCfg = Release|x64
		{EF838D42-3D9E-49E5-962B-AF687F83703F}.Release|x64.Build.0 = Release|x64
		{EF838D42-3D9E-49E5-962B-AF687F83703F}.Release|x86.ActiveCfg = Release|x86
		{EF838D42-3D9E-49E5-962B-AF687F83703F}.Release|x86.Build.0 = Release|x86
	EndGlobalSection
	GlobalSection(SolutionProperties) = preSolution
		HideSolutionNode = FALSE
	EndGlobalSection
	GlobalSection(ExtensibilityGlobals) = postSolution
		SolutionGuid = {5F3BD553-6A1B-400C-BA6E-21E5C1F6A6ED}
	EndGlobalSection
EndGlobal
